{
  "pins" : [
    {
      "identity" : "swiftplus",
      "kind" : "remoteSourceControl",
      "location" : "https://github.com/julianworden/SwiftPlus.git",
      "state" : {
        "revision" : "6f8745c21f224ad7a53833121d20aa833e461202",
        "version" : "1.1.1"
      }
    },
    {
      "identity" : "swiftuicharts",
      "kind" : "remoteSourceControl",
      "location" : "https://github.com/willdale/SwiftUICharts",
      "state" : {
        "revision" : "9a71bffb72c35960c6836891ca1e13e089532991",
        "version" : "2.10.1"
      }
    }
  ],
  "version" : 2
}
