// !$*UTF8*$!
{
	archiveVersion = 1;
	classes = {
	};
	objectVersion = 55;
	objects = {

/* Begin PBXBuildFile section */
		5D12980D277E66000044C2C9 /* StationViewModel.swift in Sources */ = {isa = PBXBuildFile; fileRef = 5D129806277E65FF0044C2C9 /* StationViewModel.swift */; };
		5D129810277E66000044C2C9 /* PhraseViewModel.swift in Sources */ = {isa = PBXBuildFile; fileRef = 5D129809277E65FF0044C2C9 /* PhraseViewModel.swift */; };
		5D129811277E66000044C2C9 /* Tides.json in Resources */ = {isa = PBXBuildFile; fileRef = 5D12980A277E65FF0044C2C9 /* Tides.json */; };
		5D129812277E66000044C2C9 /* TideView.swift in Sources */ = {isa = PBXBuildFile; fileRef = 5D12980B277E65FF0044C2C9 /* TideView.swift */; };
		5D129813277E66000044C2C9 /* Network.swift in Sources */ = {isa = PBXBuildFile; fileRef = 5D12980C277E66000044C2C9 /* Network.swift */; };
		5D9EF0502781389A006236CB /* Station.swift in Sources */ = {isa = PBXBuildFile; fileRef = 5D9EF04F27813899006236CB /* Station.swift */; };
		5D9EF05327824A09006236CB /* TodaysTides.swift in Sources */ = {isa = PBXBuildFile; fileRef = 5D9EF05227824A09006236CB /* TodaysTides.swift */; };
		5D9EF05527824A15006236CB /* TodaysTidesViewModel.swift in Sources */ = {isa = PBXBuildFile; fileRef = 5D9EF05427824A15006236CB /* TodaysTidesViewModel.swift */; };
		5D9FBFDA27657998002E5431 /* SaltyApp.swift in Sources */ = {isa = PBXBuildFile; fileRef = 5D9FBFD927657998002E5431 /* SaltyApp.swift */; };
		5D9FBFDC27657998002E5431 /* StationScreen.swift in Sources */ = {isa = PBXBuildFile; fileRef = 5D9FBFDB27657998002E5431 /* StationScreen.swift */; };
		5D9FBFDE2765799A002E5431 /* Assets.xcassets in Resources */ = {isa = PBXBuildFile; fileRef = 5D9FBFDD2765799A002E5431 /* Assets.xcassets */; };
		5D9FBFE12765799A002E5431 /* Preview Assets.xcassets in Resources */ = {isa = PBXBuildFile; fileRef = 5D9FBFE02765799A002E5431 /* Preview Assets.xcassets */; };
		5D9FBFEB2765799A002E5431 /* SaltyTests.swift in Sources */ = {isa = PBXBuildFile; fileRef = 5D9FBFEA2765799A002E5431 /* SaltyTests.swift */; };
		5D9FBFF52765799A002E5431 /* SaltyUITests.swift in Sources */ = {isa = PBXBuildFile; fileRef = 5D9FBFF42765799A002E5431 /* SaltyUITests.swift */; };
		5D9FBFF72765799A002E5431 /* SaltyUITestsLaunchTests.swift in Sources */ = {isa = PBXBuildFile; fileRef = 5D9FBFF62765799A002E5431 /* SaltyUITestsLaunchTests.swift */; };
		5DAEABA429FDCAD400E54252 /* WidgetView.swift in Sources */ = {isa = PBXBuildFile; fileRef = 5DAEABA329FDCAD400E54252 /* WidgetView.swift */; };
		5DF51C69277661B100FB30BD /* LocationManager.swift in Sources */ = {isa = PBXBuildFile; fileRef = 5DF51C68277661B100FB30BD /* LocationManager.swift */; };
/* End PBXBuildFile section */

/* Begin PBXContainerItemProxy section */
		5D9FBFE72765799A002E5431 /* PBXContainerItemProxy */ = {
			isa = PBXContainerItemProxy;
			containerPortal = 5D9FBFCE27657998002E5431 /* Project object */;
			proxyType = 1;
			remoteGlobalIDString = 5D9FBFD527657998002E5431;
			remoteInfo = Salty;
		};
		5D9FBFF12765799A002E5431 /* PBXContainerItemProxy */ = {
			isa = PBXContainerItemProxy;
			containerPortal = 5D9FBFCE27657998002E5431 /* Project object */;
			proxyType = 1;
			remoteGlobalIDString = 5D9FBFD527657998002E5431;
			remoteInfo = Salty;
		};
/* End PBXContainerItemProxy section */

/* Begin PBXCopyFilesBuildPhase section */
		5DAEAB9D29FDC96C00E54252 /* Embed Foundation Extensions */ = {
			isa = PBXCopyFilesBuildPhase;
			buildActionMask = 2147483647;
			dstPath = "";
			dstSubfolderSpec = 13;
			files = (
			);
			name = "Embed Foundation Extensions";
			runOnlyForDeploymentPostprocessing = 0;
		};
/* End PBXCopyFilesBuildPhase section */

/* Begin PBXFileReference section */
		5D129806277E65FF0044C2C9 /* StationViewModel.swift */ = {isa = PBXFileReference; fileEncoding = 4; lastKnownFileType = sourcecode.swift; path = StationViewModel.swift; sourceTree = "<group>"; };
		5D129809277E65FF0044C2C9 /* PhraseViewModel.swift */ = {isa = PBXFileReference; fileEncoding = 4; lastKnownFileType = sourcecode.swift; path = PhraseViewModel.swift; sourceTree = "<group>"; };
		5D12980A277E65FF0044C2C9 /* Tides.json */ = {isa = PBXFileReference; fileEncoding = 4; lastKnownFileType = text.json; path = Tides.json; sourceTree = "<group>"; };
		5D12980B277E65FF0044C2C9 /* TideView.swift */ = {isa = PBXFileReference; fileEncoding = 4; lastKnownFileType = sourcecode.swift; path = TideView.swift; sourceTree = "<group>"; };
		5D12980C277E66000044C2C9 /* Network.swift */ = {isa = PBXFileReference; fileEncoding = 4; lastKnownFileType = sourcecode.swift; path = Network.swift; sourceTree = "<group>"; };
		5D9EF04F27813899006236CB /* Station.swift */ = {isa = PBXFileReference; lastKnownFileType = sourcecode.swift; path = Station.swift; sourceTree = "<group>"; };
		5D9EF05227824A09006236CB /* TodaysTides.swift */ = {isa = PBXFileReference; lastKnownFileType = sourcecode.swift; path = TodaysTides.swift; sourceTree = "<group>"; };
		5D9EF05427824A15006236CB /* TodaysTidesViewModel.swift */ = {isa = PBXFileReference; lastKnownFileType = sourcecode.swift; path = TodaysTidesViewModel.swift; sourceTree = "<group>"; };
		5D9FBFD627657998002E5431 /* Salty.app */ = {isa = PBXFileReference; explicitFileType = wrapper.application; includeInIndex = 0; path = Salty.app; sourceTree = BUILT_PRODUCTS_DIR; };
		5D9FBFD927657998002E5431 /* SaltyApp.swift */ = {isa = PBXFileReference; lastKnownFileType = sourcecode.swift; path = SaltyApp.swift; sourceTree = "<group>"; };
		5D9FBFDB27657998002E5431 /* StationScreen.swift */ = {isa = PBXFileReference; lastKnownFileType = sourcecode.swift; path = StationScreen.swift; sourceTree = "<group>"; };
		5D9FBFDD2765799A002E5431 /* Assets.xcassets */ = {isa = PBXFileReference; lastKnownFileType = folder.assetcatalog; path = Assets.xcassets; sourceTree = "<group>"; };
		5D9FBFE02765799A002E5431 /* Preview Assets.xcassets */ = {isa = PBXFileReference; lastKnownFileType = folder.assetcatalog; path = "Preview Assets.xcassets"; sourceTree = "<group>"; };
		5D9FBFE62765799A002E5431 /* SaltyTests.xctest */ = {isa = PBXFileReference; explicitFileType = wrapper.cfbundle; includeInIndex = 0; path = SaltyTests.xctest; sourceTree = BUILT_PRODUCTS_DIR; };
		5D9FBFEA2765799A002E5431 /* SaltyTests.swift */ = {isa = PBXFileReference; lastKnownFileType = sourcecode.swift; path = SaltyTests.swift; sourceTree = "<group>"; };
		5D9FBFF02765799A002E5431 /* SaltyUITests.xctest */ = {isa = PBXFileReference; explicitFileType = wrapper.cfbundle; includeInIndex = 0; path = SaltyUITests.xctest; sourceTree = BUILT_PRODUCTS_DIR; };
		5D9FBFF42765799A002E5431 /* SaltyUITests.swift */ = {isa = PBXFileReference; lastKnownFileType = sourcecode.swift; path = SaltyUITests.swift; sourceTree = "<group>"; };
		5D9FBFF62765799A002E5431 /* SaltyUITestsLaunchTests.swift */ = {isa = PBXFileReference; lastKnownFileType = sourcecode.swift; path = SaltyUITestsLaunchTests.swift; sourceTree = "<group>"; };
		5DAEAB8629FDC96900E54252 /* WidgetKit.framework */ = {isa = PBXFileReference; lastKnownFileType = wrapper.framework; name = WidgetKit.framework; path = System/Library/Frameworks/WidgetKit.framework; sourceTree = SDKROOT; };
		5DAEAB8829FDC96900E54252 /* SwiftUI.framework */ = {isa = PBXFileReference; lastKnownFileType = wrapper.framework; name = SwiftUI.framework; path = System/Library/Frameworks/SwiftUI.framework; sourceTree = SDKROOT; };
		5DAEABA329FDCAD400E54252 /* WidgetView.swift */ = {isa = PBXFileReference; lastKnownFileType = sourcecode.swift; path = WidgetView.swift; sourceTree = "<group>"; };
		5DF51C68277661B100FB30BD /* LocationManager.swift */ = {isa = PBXFileReference; lastKnownFileType = sourcecode.swift; path = LocationManager.swift; sourceTree = "<group>"; };
/* End PBXFileReference section */

/* Begin PBXFrameworksBuildPhase section */
		5D9FBFD327657998002E5431 /* Frameworks */ = {
			isa = PBXFrameworksBuildPhase;
			buildActionMask = 2147483647;
			files = (
			);
			runOnlyForDeploymentPostprocessing = 0;
		};
		5D9FBFE32765799A002E5431 /* Frameworks */ = {
			isa = PBXFrameworksBuildPhase;
			buildActionMask = 2147483647;
			files = (
			);
			runOnlyForDeploymentPostprocessing = 0;
		};
		5D9FBFED2765799A002E5431 /* Frameworks */ = {
			isa = PBXFrameworksBuildPhase;
			buildActionMask = 2147483647;
			files = (
			);
			runOnlyForDeploymentPostprocessing = 0;
		};
/* End PBXFrameworksBuildPhase section */

/* Begin PBXGroup section */
		5A850CA7DF1751A817CC08AA /* Frameworks */ = {
			isa = PBXGroup;
			children = (
				5DAEAB8629FDC96900E54252 /* WidgetKit.framework */,
				5DAEAB8829FDC96900E54252 /* SwiftUI.framework */,
			);
			name = Frameworks;
			sourceTree = "<group>";
		};
		5D16CCDE277B5EDF0057F5A5 /* Views */ = {
			isa = PBXGroup;
			children = (
			);
			path = Views;
			sourceTree = "<group>";
		};
		5D9EF051278138C5006236CB /* Dummy Data */ = {
			isa = PBXGroup;
			children = (
				5D12980A277E65FF0044C2C9 /* Tides.json */,
			);
			path = "Dummy Data";
			sourceTree = "<group>";
		};
		5D9FBFCD27657998002E5431 = {
			isa = PBXGroup;
			children = (
				5D9FBFD827657998002E5431 /* Salty */,
				5D9FBFE92765799A002E5431 /* SaltyTests */,
				5D9FBFF32765799A002E5431 /* SaltyUITests */,
				5D9FBFD727657998002E5431 /* Products */,
				8302F0024C0A165087667BCD /* Pods */,
				5A850CA7DF1751A817CC08AA /* Frameworks */,
			);
			sourceTree = "<group>";
		};
		5D9FBFD727657998002E5431 /* Products */ = {
			isa = PBXGroup;
			children = (
				5D9FBFD627657998002E5431 /* Salty.app */,
				5D9FBFE62765799A002E5431 /* SaltyTests.xctest */,
				5D9FBFF02765799A002E5431 /* SaltyUITests.xctest */,
			);
			name = Products;
			sourceTree = "<group>";
		};
		5D9FBFD827657998002E5431 /* Salty */ = {
			isa = PBXGroup;
			children = (
				5D16CCDE277B5EDF0057F5A5 /* Views */,
				5D9FBFD927657998002E5431 /* SaltyApp.swift */,
				5D9FBFDB27657998002E5431 /* StationScreen.swift */,
				5DAEABA329FDCAD400E54252 /* WidgetView.swift */,
				5D9EF05227824A09006236CB /* TodaysTides.swift */,
				5D9EF05427824A15006236CB /* TodaysTidesViewModel.swift */,
				5D9EF04F27813899006236CB /* Station.swift */,
				5D129809277E65FF0044C2C9 /* PhraseViewModel.swift */,
				5D9EF051278138C5006236CB /* Dummy Data */,
				5D12980C277E66000044C2C9 /* Network.swift */,
				5D129806277E65FF0044C2C9 /* StationViewModel.swift */,
				5D12980B277E65FF0044C2C9 /* TideView.swift */,
				5DF51C68277661B100FB30BD /* LocationManager.swift */,
				5D9FBFDD2765799A002E5431 /* Assets.xcassets */,
				5D9FBFDF2765799A002E5431 /* Preview Content */,
			);
			path = Salty;
			sourceTree = "<group>";
		};
		5D9FBFDF2765799A002E5431 /* Preview Content */ = {
			isa = PBXGroup;
			children = (
				5D9FBFE02765799A002E5431 /* Preview Assets.xcassets */,
			);
			path = "Preview Content";
			sourceTree = "<group>";
		};
		5D9FBFE92765799A002E5431 /* SaltyTests */ = {
			isa = PBXGroup;
			children = (
				5D9FBFEA2765799A002E5431 /* SaltyTests.swift */,
			);
			path = SaltyTests;
			sourceTree = "<group>";
		};
		5D9FBFF32765799A002E5431 /* SaltyUITests */ = {
			isa = PBXGroup;
			children = (
				5D9FBFF42765799A002E5431 /* SaltyUITests.swift */,
				5D9FBFF62765799A002E5431 /* SaltyUITestsLaunchTests.swift */,
			);
			path = SaltyUITests;
			sourceTree = "<group>";
		};
		8302F0024C0A165087667BCD /* Pods */ = {
			isa = PBXGroup;
			children = (
			);
			path = Pods;
			sourceTree = "<group>";
		};
/* End PBXGroup section */

/* Begin PBXNativeTarget section */
		5D9FBFD527657998002E5431 /* Salty */ = {
			isa = PBXNativeTarget;
			buildConfigurationList = 5D9FBFFA2765799A002E5431 /* Build configuration list for PBXNativeTarget "Salty" */;
			buildPhases = (
				5D9FBFD227657998002E5431 /* Sources */,
				5D9FBFD327657998002E5431 /* Frameworks */,
				5D9FBFD427657998002E5431 /* Resources */,
				5DAEAB9D29FDC96C00E54252 /* Embed Foundation Extensions */,
			);
			buildRules = (
			);
			dependencies = (
			);
			name = Salty;
			productName = Salty;
			productReference = 5D9FBFD627657998002E5431 /* Salty.app */;
			productType = "com.apple.product-type.application";
		};
		5D9FBFE52765799A002E5431 /* SaltyTests */ = {
			isa = PBXNativeTarget;
			buildConfigurationList = 5D9FBFFD2765799A002E5431 /* Build configuration list for PBXNativeTarget "SaltyTests" */;
			buildPhases = (
				5D9FBFE22765799A002E5431 /* Sources */,
				5D9FBFE32765799A002E5431 /* Frameworks */,
				5D9FBFE42765799A002E5431 /* Resources */,
			);
			buildRules = (
			);
			dependencies = (
				5D9FBFE82765799A002E5431 /* PBXTargetDependency */,
			);
			name = SaltyTests;
			productName = SaltyTests;
			productReference = 5D9FBFE62765799A002E5431 /* SaltyTests.xctest */;
			productType = "com.apple.product-type.bundle.unit-test";
		};
		5D9FBFEF2765799A002E5431 /* SaltyUITests */ = {
			isa = PBXNativeTarget;
			buildConfigurationList = 5D9FC0002765799A002E5431 /* Build configuration list for PBXNativeTarget "SaltyUITests" */;
			buildPhases = (
				5D9FBFEC2765799A002E5431 /* Sources */,
				5D9FBFED2765799A002E5431 /* Frameworks */,
				5D9FBFEE2765799A002E5431 /* Resources */,
			);
			buildRules = (
			);
			dependencies = (
				5D9FBFF22765799A002E5431 /* PBXTargetDependency */,
			);
			name = SaltyUITests;
			productName = SaltyUITests;
			productReference = 5D9FBFF02765799A002E5431 /* SaltyUITests.xctest */;
			productType = "com.apple.product-type.bundle.ui-testing";
		};
/* End PBXNativeTarget section */

/* Begin PBXProject section */
		5D9FBFCE27657998002E5431 /* Project object */ = {
			isa = PBXProject;
			attributes = {
				BuildIndependentTargetsInParallel = 1;
				LastSwiftUpdateCheck = 1430;
				LastUpgradeCheck = 1310;
				TargetAttributes = {
					5D9FBFD527657998002E5431 = {
						CreatedOnToolsVersion = 13.1;
					};
					5D9FBFE52765799A002E5431 = {
						CreatedOnToolsVersion = 13.1;
						TestTargetID = 5D9FBFD527657998002E5431;
					};
					5D9FBFEF2765799A002E5431 = {
						CreatedOnToolsVersion = 13.1;
						TestTargetID = 5D9FBFD527657998002E5431;
					};
				};
			};
			buildConfigurationList = 5D9FBFD127657998002E5431 /* Build configuration list for PBXProject "Salty" */;
			compatibilityVersion = "Xcode 13.0";
			developmentRegion = en;
			hasScannedForEncodings = 0;
			knownRegions = (
				en,
				Base,
			);
			mainGroup = 5D9FBFCD27657998002E5431;
			productRefGroup = 5D9FBFD727657998002E5431 /* Products */;
			projectDirPath = "";
			projectRoot = "";
			targets = (
				5D9FBFD527657998002E5431 /* Salty */,
				5D9FBFE52765799A002E5431 /* SaltyTests */,
				5D9FBFEF2765799A002E5431 /* SaltyUITests */,
			);
		};
/* End PBXProject section */

/* Begin PBXResourcesBuildPhase section */
		5D9FBFD427657998002E5431 /* Resources */ = {
			isa = PBXResourcesBuildPhase;
			buildActionMask = 2147483647;
			files = (
				5D9FBFE12765799A002E5431 /* Preview Assets.xcassets in Resources */,
				5D9FBFDE2765799A002E5431 /* Assets.xcassets in Resources */,
				5D129811277E66000044C2C9 /* Tides.json in Resources */,
			);
			runOnlyForDeploymentPostprocessing = 0;
		};
		5D9FBFE42765799A002E5431 /* Resources */ = {
			isa = PBXResourcesBuildPhase;
			buildActionMask = 2147483647;
			files = (
			);
			runOnlyForDeploymentPostprocessing = 0;
		};
		5D9FBFEE2765799A002E5431 /* Resources */ = {
			isa = PBXResourcesBuildPhase;
			buildActionMask = 2147483647;
			files = (
			);
			runOnlyForDeploymentPostprocessing = 0;
		};
/* End PBXResourcesBuildPhase section */

/* Begin PBXSourcesBuildPhase section */
		5D9FBFD227657998002E5431 /* Sources */ = {
			isa = PBXSourcesBuildPhase;
			buildActionMask = 2147483647;
			files = (
				5D129812277E66000044C2C9 /* TideView.swift in Sources */,
				5D129813277E66000044C2C9 /* Network.swift in Sources */,
				5D9EF05527824A15006236CB /* TodaysTidesViewModel.swift in Sources */,
				5D129810277E66000044C2C9 /* PhraseViewModel.swift in Sources */,
				5D12980D277E66000044C2C9 /* StationViewModel.swift in Sources */,
				5D9FBFDC27657998002E5431 /* StationScreen.swift in Sources */,
				5DF51C69277661B100FB30BD /* LocationManager.swift in Sources */,
				5DAEABA429FDCAD400E54252 /* WidgetView.swift in Sources */,
				5D9EF05327824A09006236CB /* TodaysTides.swift in Sources */,
				5D9FBFDA27657998002E5431 /* SaltyApp.swift in Sources */,
				5D9EF0502781389A006236CB /* Station.swift in Sources */,
			);
			runOnlyForDeploymentPostprocessing = 0;
		};
		5D9FBFE22765799A002E5431 /* Sources */ = {
			isa = PBXSourcesBuildPhase;
			buildActionMask = 2147483647;
			files = (
				5D9FBFEB2765799A002E5431 /* SaltyTests.swift in Sources */,
			);
			runOnlyForDeploymentPostprocessing = 0;
		};
		5D9FBFEC2765799A002E5431 /* Sources */ = {
			isa = PBXSourcesBuildPhase;
			buildActionMask = 2147483647;
			files = (
				5D9FBFF72765799A002E5431 /* SaltyUITestsLaunchTests.swift in Sources */,
				5D9FBFF52765799A002E5431 /* SaltyUITests.swift in Sources */,
			);
			runOnlyForDeploymentPostprocessing = 0;
		};
/* End PBXSourcesBuildPhase section */

/* Begin PBXTargetDependency section */
		5D9FBFE82765799A002E5431 /* PBXTargetDependency */ = {
			isa = PBXTargetDependency;
			target = 5D9FBFD527657998002E5431 /* Salty */;
			targetProxy = 5D9FBFE72765799A002E5431 /* PBXContainerItemProxy */;
		};
		5D9FBFF22765799A002E5431 /* PBXTargetDependency */ = {
			isa = PBXTargetDependency;
			target = 5D9FBFD527657998002E5431 /* Salty */;
			targetProxy = 5D9FBFF12765799A002E5431 /* PBXContainerItemProxy */;
		};
/* End PBXTargetDependency section */

/* Begin XCBuildConfiguration section */
		5D9FBFF82765799A002E5431 /* Debug */ = {
			isa = XCBuildConfiguration;
			buildSettings = {
				ALWAYS_SEARCH_USER_PATHS = NO;
				CLANG_ANALYZER_NONNULL = YES;
				CLANG_ANALYZER_NUMBER_OBJECT_CONVERSION = YES_AGGRESSIVE;
				CLANG_CXX_LANGUAGE_STANDARD = "gnu++17";
				CLANG_CXX_LIBRARY = "libc++";
				CLANG_ENABLE_MODULES = YES;
				CLANG_ENABLE_OBJC_ARC = YES;
				CLANG_ENABLE_OBJC_WEAK = YES;
				CLANG_WARN_BLOCK_CAPTURE_AUTORELEASING = YES;
				CLANG_WARN_BOOL_CONVERSION = YES;
				CLANG_WARN_COMMA = YES;
				CLANG_WARN_CONSTANT_CONVERSION = YES;
				CLANG_WARN_DEPRECATED_OBJC_IMPLEMENTATIONS = YES;
				CLANG_WARN_DIRECT_OBJC_ISA_USAGE = YES_ERROR;
				CLANG_WARN_DOCUMENTATION_COMMENTS = YES;
				CLANG_WARN_EMPTY_BODY = YES;
				CLANG_WARN_ENUM_CONVERSION = YES;
				CLANG_WARN_INFINITE_RECURSION = YES;
				CLANG_WARN_INT_CONVERSION = YES;
				CLANG_WARN_NON_LITERAL_NULL_CONVERSION = YES;
				CLANG_WARN_OBJC_IMPLICIT_RETAIN_SELF = YES;
				CLANG_WARN_OBJC_LITERAL_CONVERSION = YES;
				CLANG_WARN_OBJC_ROOT_CLASS = YES_ERROR;
				CLANG_WARN_QUOTED_INCLUDE_IN_FRAMEWORK_HEADER = YES;
				CLANG_WARN_RANGE_LOOP_ANALYSIS = YES;
				CLANG_WARN_STRICT_PROTOTYPES = YES;
				CLANG_WARN_SUSPICIOUS_MOVE = YES;
				CLANG_WARN_UNGUARDED_AVAILABILITY = YES_AGGRESSIVE;
				CLANG_WARN_UNREACHABLE_CODE = YES;
				CLANG_WARN__DUPLICATE_METHOD_MATCH = YES;
				COPY_PHASE_STRIP = NO;
				DEBUG_INFORMATION_FORMAT = dwarf;
				ENABLE_STRICT_OBJC_MSGSEND = YES;
				ENABLE_TESTABILITY = YES;
				GCC_C_LANGUAGE_STANDARD = gnu11;
				GCC_DYNAMIC_NO_PIC = NO;
				GCC_NO_COMMON_BLOCKS = YES;
				GCC_OPTIMIZATION_LEVEL = 0;
				GCC_PREPROCESSOR_DEFINITIONS = (
					"DEBUG=1",
					"$(inherited)",
				);
				GCC_WARN_64_TO_32_BIT_CONVERSION = YES;
				GCC_WARN_ABOUT_RETURN_TYPE = YES_ERROR;
				GCC_WARN_UNDECLARED_SELECTOR = YES;
				GCC_WARN_UNINITIALIZED_AUTOS = YES_AGGRESSIVE;
				GCC_WARN_UNUSED_FUNCTION = YES;
				GCC_WARN_UNUSED_VARIABLE = YES;
				IPHONEOS_DEPLOYMENT_TARGET = 15.0;
				MTL_ENABLE_DEBUG_INFO = INCLUDE_SOURCE;
				MTL_FAST_MATH = YES;
				ONLY_ACTIVE_ARCH = YES;
				SDKROOT = iphoneos;
				SWIFT_ACTIVE_COMPILATION_CONDITIONS = DEBUG;
				SWIFT_OPTIMIZATION_LEVEL = "-Onone";
			};
			name = Debug;
		};
		5D9FBFF92765799A002E5431 /* Release */ = {
			isa = XCBuildConfiguration;
			buildSettings = {
				ALWAYS_SEARCH_USER_PATHS = NO;
				CLANG_ANALYZER_NONNULL = YES;
				CLANG_ANALYZER_NUMBER_OBJECT_CONVERSION = YES_AGGRESSIVE;
				CLANG_CXX_LANGUAGE_STANDARD = "gnu++17";
				CLANG_CXX_LIBRARY = "libc++";
				CLANG_ENABLE_MODULES = YES;
				CLANG_ENABLE_OBJC_ARC = YES;
				CLANG_ENABLE_OBJC_WEAK = YES;
				CLANG_WARN_BLOCK_CAPTURE_AUTORELEASING = YES;
				CLANG_WARN_BOOL_CONVERSION = YES;
				CLANG_WARN_COMMA = YES;
				CLANG_WARN_CONSTANT_CONVERSION = YES;
				CLANG_WARN_DEPRECATED_OBJC_IMPLEMENTATIONS = YES;
				CLANG_WARN_DIRECT_OBJC_ISA_USAGE = YES_ERROR;
				CLANG_WARN_DOCUMENTATION_COMMENTS = YES;
				CLANG_WARN_EMPTY_BODY = YES;
				CLANG_WARN_ENUM_CONVERSION = YES;
				CLANG_WARN_INFINITE_RECURSION = YES;
				CLANG_WARN_INT_CONVERSION = YES;
				CLANG_WARN_NON_LITERAL_NULL_CONVERSION = YES;
				CLANG_WARN_OBJC_IMPLICIT_RETAIN_SELF = YES;
				CLANG_WARN_OBJC_LITERAL_CONVERSION = YES;
				CLANG_WARN_OBJC_ROOT_CLASS = YES_ERROR;
				CLANG_WARN_QUOTED_INCLUDE_IN_FRAMEWORK_HEADER = YES;
				CLANG_WARN_RANGE_LOOP_ANALYSIS = YES;
				CLANG_WARN_STRICT_PROTOTYPES = YES;
				CLANG_WARN_SUSPICIOUS_MOVE = YES;
				CLANG_WARN_UNGUARDED_AVAILABILITY = YES_AGGRESSIVE;
				CLANG_WARN_UNREACHABLE_CODE = YES;
				CLANG_WARN__DUPLICATE_METHOD_MATCH = YES;
				COPY_PHASE_STRIP = NO;
				DEBUG_INFORMATION_FORMAT = "dwarf-with-dsym";
				ENABLE_NS_ASSERTIONS = NO;
				ENABLE_STRICT_OBJC_MSGSEND = YES;
				GCC_C_LANGUAGE_STANDARD = gnu11;
				GCC_NO_COMMON_BLOCKS = YES;
				GCC_WARN_64_TO_32_BIT_CONVERSION = YES;
				GCC_WARN_ABOUT_RETURN_TYPE = YES_ERROR;
				GCC_WARN_UNDECLARED_SELECTOR = YES;
				GCC_WARN_UNINITIALIZED_AUTOS = YES_AGGRESSIVE;
				GCC_WARN_UNUSED_FUNCTION = YES;
				GCC_WARN_UNUSED_VARIABLE = YES;
				IPHONEOS_DEPLOYMENT_TARGET = 15.0;
				MTL_ENABLE_DEBUG_INFO = NO;
				MTL_FAST_MATH = YES;
				SDKROOT = iphoneos;
				SWIFT_COMPILATION_MODE = wholemodule;
				SWIFT_OPTIMIZATION_LEVEL = "-O";
				VALIDATE_PRODUCT = YES;
			};
			name = Release;
		};
		5D9FBFFB2765799A002E5431 /* Debug */ = {
			isa = XCBuildConfiguration;
			buildSettings = {
				ASSETCATALOG_COMPILER_APPICON_NAME = AppIcon;
				ASSETCATALOG_COMPILER_GLOBAL_ACCENT_COLOR_NAME = AccentColor;
				CODE_SIGN_STYLE = Automatic;
				CURRENT_PROJECT_VERSION = 1;
				DEVELOPMENT_ASSET_PATHS = "\"Salty/Preview Content\"";
				ENABLE_PREVIEWS = YES;
				GENERATE_INFOPLIST_FILE = YES;
				INFOPLIST_KEY_NSLocationWhenInUseUsageDescription = "Find tides near you";
				INFOPLIST_KEY_UIApplicationSceneManifest_Generation = YES;
				INFOPLIST_KEY_UIApplicationSupportsIndirectInputEvents = YES;
				INFOPLIST_KEY_UILaunchScreen_Generation = YES;
				INFOPLIST_KEY_UISupportedInterfaceOrientations_iPad = "UIInterfaceOrientationPortrait UIInterfaceOrientationPortraitUpsideDown UIInterfaceOrientationLandscapeLeft UIInterfaceOrientationLandscapeRight";
				INFOPLIST_KEY_UISupportedInterfaceOrientations_iPhone = "UIInterfaceOrientationPortrait UIInterfaceOrientationLandscapeLeft UIInterfaceOrientationLandscapeRight";
				LD_RUNPATH_SEARCH_PATHS = (
					"$(inherited)",
					"@executable_path/Frameworks",
				);
				MARKETING_VERSION = 1.0;
				PRODUCT_BUNDLE_IDENTIFIER = com.seamaker.Salty;
				PRODUCT_NAME = "$(TARGET_NAME)";
				SWIFT_EMIT_LOC_STRINGS = YES;
				SWIFT_VERSION = 5.0;
				TARGETED_DEVICE_FAMILY = "1,2";
			};
			name = Debug;
		};
		5D9FBFFC2765799A002E5431 /* Release */ = {
			isa = XCBuildConfiguration;
			buildSettings = {
				ASSETCATALOG_COMPILER_APPICON_NAME = AppIcon;
				ASSETCATALOG_COMPILER_GLOBAL_ACCENT_COLOR_NAME = AccentColor;
				CODE_SIGN_STYLE = Automatic;
				CURRENT_PROJECT_VERSION = 1;
				DEVELOPMENT_ASSET_PATHS = "\"Salty/Preview Content\"";
				ENABLE_PREVIEWS = YES;
				GENERATE_INFOPLIST_FILE = YES;
				INFOPLIST_KEY_NSLocationWhenInUseUsageDescription = "Find tides near you";
				INFOPLIST_KEY_UIApplicationSceneManifest_Generation = YES;
				INFOPLIST_KEY_UIApplicationSupportsIndirectInputEvents = YES;
				INFOPLIST_KEY_UILaunchScreen_Generation = YES;
				INFOPLIST_KEY_UISupportedInterfaceOrientations_iPad = "UIInterfaceOrientationPortrait UIInterfaceOrientationPortraitUpsideDown UIInterfaceOrientationLandscapeLeft UIInterfaceOrientationLandscapeRight";
				INFOPLIST_KEY_UISupportedInterfaceOrientations_iPhone = "UIInterfaceOrientationPortrait UIInterfaceOrientationLandscapeLeft UIInterfaceOrientationLandscapeRight";
				LD_RUNPATH_SEARCH_PATHS = (
					"$(inherited)",
					"@executable_path/Frameworks",
				);
				MARKETING_VERSION = 1.0;
				PRODUCT_BUNDLE_IDENTIFIER = com.seamaker.Salty;
				PRODUCT_NAME = "$(TARGET_NAME)";
				SWIFT_EMIT_LOC_STRINGS = YES;
				SWIFT_VERSION = 5.0;
				TARGETED_DEVICE_FAMILY = "1,2";
			};
			name = Release;
		};
		5D9FBFFE2765799A002E5431 /* Debug */ = {
			isa = XCBuildConfiguration;
			buildSettings = {
				ALWAYS_EMBED_SWIFT_STANDARD_LIBRARIES = YES;
				BUNDLE_LOADER = "$(TEST_HOST)";
				CODE_SIGN_STYLE = Automatic;
				CURRENT_PROJECT_VERSION = 1;
				GENERATE_INFOPLIST_FILE = YES;
				IPHONEOS_DEPLOYMENT_TARGET = 15.0;
				LD_RUNPATH_SEARCH_PATHS = (
					"$(inherited)",
					"@executable_path/Frameworks",
					"@loader_path/Frameworks",
				);
				MARKETING_VERSION = 1.0;
				PRODUCT_BUNDLE_IDENTIFIER = com.seamaker.SaltyTests;
				PRODUCT_NAME = "$(TARGET_NAME)";
				SWIFT_EMIT_LOC_STRINGS = NO;
				SWIFT_VERSION = 5.0;
				TARGETED_DEVICE_FAMILY = "1,2";
				TEST_HOST = "$(BUILT_PRODUCTS_DIR)/Salty.app/Salty";
			};
			name = Debug;
		};
		5D9FBFFF2765799A002E5431 /* Release */ = {
			isa = XCBuildConfiguration;
			buildSettings = {
				ALWAYS_EMBED_SWIFT_STANDARD_LIBRARIES = YES;
				BUNDLE_LOADER = "$(TEST_HOST)";
				CODE_SIGN_STYLE = Automatic;
				CURRENT_PROJECT_VERSION = 1;
				GENERATE_INFOPLIST_FILE = YES;
				IPHONEOS_DEPLOYMENT_TARGET = 15.0;
				LD_RUNPATH_SEARCH_PATHS = (
					"$(inherited)",
					"@executable_path/Frameworks",
					"@loader_path/Frameworks",
				);
				MARKETING_VERSION = 1.0;
				PRODUCT_BUNDLE_IDENTIFIER = com.seamaker.SaltyTests;
				PRODUCT_NAME = "$(TARGET_NAME)";
				SWIFT_EMIT_LOC_STRINGS = NO;
				SWIFT_VERSION = 5.0;
				TARGETED_DEVICE_FAMILY = "1,2";
				TEST_HOST = "$(BUILT_PRODUCTS_DIR)/Salty.app/Salty";
			};
			name = Release;
		};
		5D9FC0012765799A002E5431 /* Debug */ = {
			isa = XCBuildConfiguration;
			buildSettings = {
				ALWAYS_EMBED_SWIFT_STANDARD_LIBRARIES = YES;
				CODE_SIGN_STYLE = Automatic;
				CURRENT_PROJECT_VERSION = 1;
				GENERATE_INFOPLIST_FILE = YES;
				LD_RUNPATH_SEARCH_PATHS = (
					"$(inherited)",
					"@executable_path/Frameworks",
					"@loader_path/Frameworks",
				);
				MARKETING_VERSION = 1.0;
				PRODUCT_BUNDLE_IDENTIFIER = com.seamaker.SaltyUITests;
				PRODUCT_NAME = "$(TARGET_NAME)";
				SWIFT_EMIT_LOC_STRINGS = NO;
				SWIFT_VERSION = 5.0;
				TARGETED_DEVICE_FAMILY = "1,2";
				TEST_TARGET_NAME = Salty;
			};
			name = Debug;
		};
		5D9FC0022765799A002E5431 /* Release */ = {
			isa = XCBuildConfiguration;
			buildSettings = {
				ALWAYS_EMBED_SWIFT_STANDARD_LIBRARIES = YES;
				CODE_SIGN_STYLE = Automatic;
				CURRENT_PROJECT_VERSION = 1;
				GENERATE_INFOPLIST_FILE = YES;
				LD_RUNPATH_SEARCH_PATHS = (
					"$(inherited)",
					"@executable_path/Frameworks",
					"@loader_path/Frameworks",
				);
				MARKETING_VERSION = 1.0;
				PRODUCT_BUNDLE_IDENTIFIER = com.seamaker.SaltyUITests;
				PRODUCT_NAME = "$(TARGET_NAME)";
				SWIFT_EMIT_LOC_STRINGS = NO;
				SWIFT_VERSION = 5.0;
				TARGETED_DEVICE_FAMILY = "1,2";
				TEST_TARGET_NAME = Salty;
			};
			name = Release;
		};
/* End XCBuildConfiguration section */

/* Begin XCConfigurationList section */
		5D9FBFD127657998002E5431 /* Build configuration list for PBXProject "Salty" */ = {
			isa = XCConfigurationList;
			buildConfigurations = (
				5D9FBFF82765799A002E5431 /* Debug */,
				5D9FBFF92765799A002E5431 /* Release */,
			);
			defaultConfigurationIsVisible = 0;
			defaultConfigurationName = Release;
		};
		5D9FBFFA2765799A002E5431 /* Build configuration list for PBXNativeTarget "Salty" */ = {
			isa = XCConfigurationList;
			buildConfigurations = (
				5D9FBFFB2765799A002E5431 /* Debug */,
				5D9FBFFC2765799A002E5431 /* Release */,
			);
			defaultConfigurationIsVisible = 0;
			defaultConfigurationName = Release;
		};
		5D9FBFFD2765799A002E5431 /* Build configuration list for PBXNativeTarget "SaltyTests" */ = {
			isa = XCConfigurationList;
			buildConfigurations = (
				5D9FBFFE2765799A002E5431 /* Debug */,
				5D9FBFFF2765799A002E5431 /* Release */,
			);
			defaultConfigurationIsVisible = 0;
			defaultConfigurationName = Release;
		};
		5D9FC0002765799A002E5431 /* Build configuration list for PBXNativeTarget "SaltyUITests" */ = {
			isa = XCConfigurationList;
			buildConfigurations = (
				5D9FC0012765799A002E5431 /* Debug */,
				5D9FC0022765799A002E5431 /* Release */,
			);
			defaultConfigurationIsVisible = 0;
			defaultConfigurationName = Release;
		};
/* End XCConfigurationList section */
	};
	rootObject = 5D9FBFCE27657998002E5431 /* Project object */;
}
